
Microsoft Visual Studio Solution File, Format Version 12.00
# Visual Studio 15
VisualStudioVersion = 15.0.26730.16
MinimumVisualStudioVersion = 10.0.40219.1
Project("{888888A0-9F3D-457C-B088-3A5042F75D52}") = "SerasaChallenge", "SerasaChallenge\SerasaChallenge.pyproj", "{D5C1BA38-89D3-4198-BEFA-0F3CDA656432}"
EndProject
Global
	GlobalSection(SolutionConfigurationPlatforms) = preSolution
		Debug|Any CPU = Debug|Any CPU
		Release|Any CPU = Release|Any CPU
	EndGlobalSection
	GlobalSection(ProjectConfigurationPlatforms) = postSolution
		{D5C1BA38-89D3-4198-BEFA-0F3CDA656432}.Debug|Any CPU.ActiveCfg = Debug|Any CPU
		{D5C1BA38-89D3-4198-BEFA-0F3CDA656432}.Release|Any CPU.ActiveCfg = Release|Any CPU
	EndGlobalSection
	GlobalSection(SolutionProperties) = preSolution
		HideSolutionNode = FALSE
	EndGlobalSection
	GlobalSection(ExtensibilityGlobals) = postSolution
		SolutionGuid = {D51143FB-6E50-47E5-8B87-13135C0F0D71}
	EndGlobalSection
EndGlobal
